
Microsoft Visual Studio Solution File, Format Version 12.00
# Visual Studio Version 17
VisualStudioVersion = 17.7.34031.279
MinimumVisualStudioVersion = 10.0.40219.1
Project("{8BC9CEB8-8B4A-11D0-8D11-00A0C91BC942}") = "CANSim", "CANSim.vcxproj", "{C3400D31-5AF3-448C-A69D-49F3B234E77F}"
EndProject
Global
	GlobalSection(SolutionConfigurationPlatforms) = preSolution
		Debug|x64 = Debug|x64
		Release|x64 = Release|x64
	EndGlobalSection
	GlobalSection(ProjectConfigurationPlatforms) = postSolution
		{C3400D31-5AF3-448C-A69D-49F3B234E77F}.Debug|x64.ActiveCfg = Debug|x64
		{C3400D31-5AF3-448C-A69D-49F3B234E77F}.Debug|x64.Build.0 = Debug|x64
		{C3400D31-5AF3-448C-A69D-49F3B234E77F}.Release|x64.ActiveCfg = Release|x64
		{C3400D31-5AF3-448C-A69D-49F3B234E77F}.Release|x64.Build.0 = Release|x64
	EndGlobalSection
	GlobalSection(SolutionProperties) = preSolution
		HideSolutionNode = FALSE
	EndGlobalSection
	GlobalSection(ExtensibilityGlobals) = postSolution
		SolutionGuid = {86046951-D667-41E5-85F2-087751281DD4}
	EndGlobalSection
EndGlobal
